// !$*UTF8*$!
{
	archiveVersion = 1;
	classes = {
	};
	objectVersion = 46;
	objects = {

/* Begin PBXBuildFile section */
		1CEC09191A7B2D3E00501637 /* Foundation.framework in Frameworks */ = {isa = PBXBuildFile; fileRef = 1CEC09181A7B2D3E00501637 /* Foundation.framework */; };
		1CEC091B1A7B2D3E00501637 /* CoreGraphics.framework in Frameworks */ = {isa = PBXBuildFile; fileRef = 1CEC091A1A7B2D3E00501637 /* CoreGraphics.framework */; };
		1CEC091D1A7B2D3E00501637 /* UIKit.framework in Frameworks */ = {isa = PBXBuildFile; fileRef = 1CEC091C1A7B2D3E00501637 /* UIKit.framework */; };
		1CEC09231A7B2D3E00501637 /* InfoPlist.strings in Resources */ = {isa = PBXBuildFile; fileRef = 1CEC09211A7B2D3E00501637 /* InfoPlist.strings */; };
		1CEC09251A7B2D3E00501637 /* main.m in Sources */ = {isa = PBXBuildFile; fileRef = 1CEC09241A7B2D3E00501637 /* main.m */; };
		1CEC09291A7B2D3E00501637 /* TONAppDelegate.m in Sources */ = {isa = PBXBuildFile; fileRef = 1CEC09281A7B2D3E00501637 /* TONAppDelegate.m */; };
		1CEC092B1A7B2D3E00501637 /* Images.xcassets in Resources */ = {isa = PBXBuildFile; fileRef = 1CEC092A1A7B2D3E00501637 /* Images.xcassets */; };
		1CEC09321A7B2D3E00501637 /* XCTest.framework in Frameworks */ = {isa = PBXBuildFile; fileRef = 1CEC09311A7B2D3E00501637 /* XCTest.framework */; };
		1CEC09331A7B2D3E00501637 /* Foundation.framework in Frameworks */ = {isa = PBXBuildFile; fileRef = 1CEC09181A7B2D3E00501637 /* Foundation.framework */; };
		1CEC09341A7B2D3E00501637 /* UIKit.framework in Frameworks */ = {isa = PBXBuildFile; fileRef = 1CEC091C1A7B2D3E00501637 /* UIKit.framework */; };
		1CEC093C1A7B2D3E00501637 /* InfoPlist.strings in Resources */ = {isa = PBXBuildFile; fileRef = 1CEC093A1A7B2D3E00501637 /* InfoPlist.strings */; };
		1CEC093E1A7B2D3E00501637 /* TouchTrackerTests.m in Sources */ = {isa = PBXBuildFile; fileRef = 1CEC093D1A7B2D3E00501637 /* TouchTrackerTests.m */; };
		1CEC09491A7B2D7300501637 /* TONLine.m in Sources */ = {isa = PBXBuildFile; fileRef = 1CEC09481A7B2D7300501637 /* TONLine.m */; };
		1CEC094C1A7B2DFB00501637 /* TONDrawView.m in Sources */ = {isa = PBXBuildFile; fileRef = 1CEC094B1A7B2DFB00501637 /* TONDrawView.m */; };
		1CEC094F1A7B2E2900501637 /* TONDrawViewController.m in Sources */ = {isa = PBXBuildFile; fileRef = 1CEC094E1A7B2E2900501637 /* TONDrawViewController.m */; };
/* End PBXBuildFile section */

/* Begin PBXContainerItemProxy section */
		1CEC09351A7B2D3E00501637 /* PBXContainerItemProxy */ = {
			isa = PBXContainerItemProxy;
			containerPortal = 1CEC090D1A7B2D3E00501637 /* Project object */;
			proxyType = 1;
			remoteGlobalIDString = 1CEC09141A7B2D3E00501637;
			remoteInfo = TouchTracker;
		};
/* End PBXContainerItemProxy section */

/* Begin PBXFileReference section */
		1CEC09151A7B2D3E00501637 /* TouchTracker.app */ = {isa = PBXFileReference; explicitFileType = wrapper.application; includeInIndex = 0; path = TouchTracker.app; sourceTree = BUILT_PRODUCTS_DIR; };
		1CEC09181A7B2D3E00501637 /* Foundation.framework */ = {isa = PBXFileReference; lastKnownFileType = wrapper.framework; name = Foundation.framework; path = System/Library/Frameworks/Foundation.framework; sourceTree = SDKROOT; };
		1CEC091A1A7B2D3E00501637 /* CoreGraphics.framework */ = {isa = PBXFileReference; lastKnownFileType = wrapper.framework; name = CoreGraphics.framework; path = System/Library/Frameworks/CoreGraphics.framework; sourceTree = SDKROOT; };
		1CEC091C1A7B2D3E00501637 /* UIKit.framework */ = {isa = PBXFileReference; lastKnownFileType = wrapper.framework; name = UIKit.framework; path = System/Library/Frameworks/UIKit.framework; sourceTree = SDKROOT; };
		1CEC09201A7B2D3E00501637 /* TouchTracker-Info.plist */ = {isa = PBXFileReference; lastKnownFileType = text.plist.xml; path = "TouchTracker-Info.plist"; sourceTree = "<group>"; };
		1CEC09221A7B2D3E00501637 /* en */ = {isa = PBXFileReference; lastKnownFileType = text.plist.strings; name = en; path = en.lproj/InfoPlist.strings; sourceTree = "<group>"; };
		1CEC09241A7B2D3E00501637 /* main.m */ = {isa = PBXFileReference; lastKnownFileType = sourcecode.c.objc; path = main.m; sourceTree = "<group>"; };
		1CEC09261A7B2D3E00501637 /* TouchTracker-Prefix.pch */ = {isa = PBXFileReference; lastKnownFileType = sourcecode.c.h; path = "TouchTracker-Prefix.pch"; sourceTree = "<group>"; };
		1CEC09271A7B2D3E00501637 /* TONAppDelegate.h */ = {isa = PBXFileReference; lastKnownFileType = sourcecode.c.h; path = TONAppDelegate.h; sourceTree = "<group>"; };
		1CEC09281A7B2D3E00501637 /* TONAppDelegate.m */ = {isa = PBXFileReference; lastKnownFileType = sourcecode.c.objc; path = TONAppDelegate.m; sourceTree = "<group>"; };
		1CEC092A1A7B2D3E00501637 /* Images.xcassets */ = {isa = PBXFileReference; lastKnownFileType = folder.assetcatalog; path = Images.xcassets; sourceTree = "<group>"; };
		1CEC09301A7B2D3E00501637 /* TouchTrackerTests.xctest */ = {isa = PBXFileReference; explicitFileType = wrapper.cfbundle; includeInIndex = 0; path = TouchTrackerTests.xctest; sourceTree = BUILT_PRODUCTS_DIR; };
		1CEC09311A7B2D3E00501637 /* XCTest.framework */ = {isa = PBXFileReference; lastKnownFileType = wrapper.framework; name = XCTest.framework; path = Library/Frameworks/XCTest.framework; sourceTree = DEVELOPER_DIR; };
		1CEC09391A7B2D3E00501637 /* TouchTrackerTests-Info.plist */ = {isa = PBXFileReference; lastKnownFileType = text.plist.xml; path = "TouchTrackerTests-Info.plist"; sourceTree = "<group>"; };
		1CEC093B1A7B2D3E00501637 /* en */ = {isa = PBXFileReference; lastKnownFileType = text.plist.strings; name = en; path = en.lproj/InfoPlist.strings; sourceTree = "<group>"; };
		1CEC093D1A7B2D3E00501637 /* TouchTrackerTests.m */ = {isa = PBXFileReference; lastKnownFileType = sourcecode.c.objc; path = TouchTrackerTests.m; sourceTree = "<group>"; };
		1CEC09471A7B2D7300501637 /* TONLine.h */ = {isa = PBXFileReference; fileEncoding = 4; lastKnownFileType = sourcecode.c.h; path = TONLine.h; sourceTree = "<group>"; };
		1CEC09481A7B2D7300501637 /* TONLine.m */ = {isa = PBXFileReference; fileEncoding = 4; lastKnownFileType = sourcecode.c.objc; path = TONLine.m; sourceTree = "<group>"; };
		1CEC094A1A7B2DFB00501637 /* TONDrawView.h */ = {isa = PBXFileReference; fileEncoding = 4; lastKnownFileType = sourcecode.c.h; path = TONDrawView.h; sourceTree = "<group>"; };
		1CEC094B1A7B2DFB00501637 /* TONDrawView.m */ = {isa = PBXFileReference; fileEncoding = 4; lastKnownFileType = sourcecode.c.objc; path = TONDrawView.m; sourceTree = "<group>"; };
		1CEC094D1A7B2E2900501637 /* TONDrawViewController.h */ = {isa = PBXFileReference; fileEncoding = 4; lastKnownFileType = sourcecode.c.h; path = TONDrawViewController.h; sourceTree = "<group>"; };
		1CEC094E1A7B2E2900501637 /* TONDrawViewController.m */ = {isa = PBXFileReference; fileEncoding = 4; lastKnownFileType = sourcecode.c.objc; path = TONDrawViewController.m; sourceTree = "<group>"; };
/* End PBXFileReference section */

/* Begin PBXFrameworksBuildPhase section */
		1CEC09121A7B2D3E00501637 /* Frameworks */ = {
			isa = PBXFrameworksBuildPhase;
			buildActionMask = 2147483647;
			files = (
				1CEC091B1A7B2D3E00501637 /* CoreGraphics.framework in Frameworks */,
				1CEC091D1A7B2D3E00501637 /* UIKit.framework in Frameworks */,
				1CEC09191A7B2D3E00501637 /* Foundation.framework in Frameworks */,
			);
			runOnlyForDeploymentPostprocessing = 0;
		};
		1CEC092D1A7B2D3E00501637 /* Frameworks */ = {
			isa = PBXFrameworksBuildPhase;
			buildActionMask = 2147483647;
			files = (
				1CEC09321A7B2D3E00501637 /* XCTest.framework in Frameworks */,
				1CEC09341A7B2D3E00501637 /* UIKit.framework in Frameworks */,
				1CEC09331A7B2D3E00501637 /* Foundation.framework in Frameworks */,
			);
			runOnlyForDeploymentPostprocessing = 0;
		};
/* End PBXFrameworksBuildPhase section */

/* Begin PBXGroup section */
		1CEC090C1A7B2D3E00501637 = {
			isa = PBXGroup;
			children = (
				1CEC091E1A7B2D3E00501637 /* TouchTracker */,
				1CEC09371A7B2D3E00501637 /* TouchTrackerTests */,
				1CEC09171A7B2D3E00501637 /* Frameworks */,
				1CEC09161A7B2D3E00501637 /* Products */,
			);
			sourceTree = "<group>";
		};
		1CEC09161A7B2D3E00501637 /* Products */ = {
			isa = PBXGroup;
			children = (
				1CEC09151A7B2D3E00501637 /* TouchTracker.app */,
				1CEC09301A7B2D3E00501637 /* TouchTrackerTests.xctest */,
			);
			name = Products;
			sourceTree = "<group>";
		};
		1CEC09171A7B2D3E00501637 /* Frameworks */ = {
			isa = PBXGroup;
			children = (
				1CEC09181A7B2D3E00501637 /* Foundation.framework */,
				1CEC091A1A7B2D3E00501637 /* CoreGraphics.framework */,
				1CEC091C1A7B2D3E00501637 /* UIKit.framework */,
				1CEC09311A7B2D3E00501637 /* XCTest.framework */,
			);
			name = Frameworks;
			sourceTree = "<group>";
		};
		1CEC091E1A7B2D3E00501637 /* TouchTracker */ = {
			isa = PBXGroup;
			children = (
				1CEC09271A7B2D3E00501637 /* TONAppDelegate.h */,
				1CEC09281A7B2D3E00501637 /* TONAppDelegate.m */,
				1CEC092A1A7B2D3E00501637 /* Images.xcassets */,
				1CEC091F1A7B2D3E00501637 /* Supporting Files */,
				1CEC09471A7B2D7300501637 /* TONLine.h */,
				1CEC094A1A7B2DFB00501637 /* TONDrawView.h */,
				1CEC094B1A7B2DFB00501637 /* TONDrawView.m */,
				1CEC094D1A7B2E2900501637 /* TONDrawViewController.h */,
				1CEC094E1A7B2E2900501637 /* TONDrawViewController.m */,
				1CEC09481A7B2D7300501637 /* TONLine.m */,
			);
			path = TouchTracker;
			sourceTree = "<group>";
		};
		1CEC091F1A7B2D3E00501637 /* Supporting Files */ = {
			isa = PBXGroup;
			children = (
				1CEC09201A7B2D3E00501637 /* TouchTracker-Info.plist */,
				1CEC09211A7B2D3E00501637 /* InfoPlist.strings */,
				1CEC09241A7B2D3E00501637 /* main.m */,
				1CEC09261A7B2D3E00501637 /* TouchTracker-Prefix.pch */,
			);
			name = "Supporting Files";
			sourceTree = "<group>";
		};
		1CEC09371A7B2D3E00501637 /* TouchTrackerTests */ = {
			isa = PBXGroup;
			children = (
				1CEC093D1A7B2D3E00501637 /* TouchTrackerTests.m */,
				1CEC09381A7B2D3E00501637 /* Supporting Files */,
			);
			path = TouchTrackerTests;
			sourceTree = "<group>";
		};
		1CEC09381A7B2D3E00501637 /* Supporting Files */ = {
			isa = PBXGroup;
			children = (
				1CEC09391A7B2D3E00501637 /* TouchTrackerTests-Info.plist */,
				1CEC093A1A7B2D3E00501637 /* InfoPlist.strings */,
			);
			name = "Supporting Files";
			sourceTree = "<group>";
		};
/* End PBXGroup section */

/* Begin PBXNativeTarget section */
		1CEC09141A7B2D3E00501637 /* TouchTracker */ = {
			isa = PBXNativeTarget;
			buildConfigurationList = 1CEC09411A7B2D3E00501637 /* Build configuration list for PBXNativeTarget "TouchTracker" */;
			buildPhases = (
				1CEC09111A7B2D3E00501637 /* Sources */,
				1CEC09121A7B2D3E00501637 /* Frameworks */,
				1CEC09131A7B2D3E00501637 /* Resources */,
			);
			buildRules = (
			);
			dependencies = (
			);
			name = TouchTracker;
			productName = TouchTracker;
			productReference = 1CEC09151A7B2D3E00501637 /* TouchTracker.app */;
			productType = "com.apple.product-type.application";
		};
		1CEC092F1A7B2D3E00501637 /* TouchTrackerTests */ = {
			isa = PBXNativeTarget;
			buildConfigurationList = 1CEC09441A7B2D3E00501637 /* Build configuration list for PBXNativeTarget "TouchTrackerTests" */;
			buildPhases = (
				1CEC092C1A7B2D3E00501637 /* Sources */,
				1CEC092D1A7B2D3E00501637 /* Frameworks */,
				1CEC092E1A7B2D3E00501637 /* Resources */,
			);
			buildRules = (
			);
			dependencies = (
				1CEC09361A7B2D3E00501637 /* PBXTargetDependency */,
			);
			name = TouchTrackerTests;
			productName = TouchTrackerTests;
			productReference = 1CEC09301A7B2D3E00501637 /* TouchTrackerTests.xctest */;
			productType = "com.apple.product-type.bundle.unit-test";
		};
/* End PBXNativeTarget section */

/* Begin PBXProject section */
		1CEC090D1A7B2D3E00501637 /* Project object */ = {
			isa = PBXProject;
			attributes = {
				CLASSPREFIX = TON;
				LastUpgradeCheck = 0510;
				ORGANIZATIONNAME = pddk;
				TargetAttributes = {
					1CEC092F1A7B2D3E00501637 = {
						TestTargetID = 1CEC09141A7B2D3E00501637;
					};
				};
			};
			buildConfigurationList = 1CEC09101A7B2D3E00501637 /* Build configuration list for PBXProject "TouchTracker" */;
			compatibilityVersion = "Xcode 3.2";
			developmentRegion = English;
			hasScannedForEncodings = 0;
			knownRegions = (
				en,
			);
			mainGroup = 1CEC090C1A7B2D3E00501637;
			productRefGroup = 1CEC09161A7B2D3E00501637 /* Products */;
			projectDirPath = "";
			projectRoot = "";
			targets = (
				1CEC09141A7B2D3E00501637 /* TouchTracker */,
				1CEC092F1A7B2D3E00501637 /* TouchTrackerTests */,
			);
		};
/* End PBXProject section */

/* Begin PBXResourcesBuildPhase section */
		1CEC09131A7B2D3E00501637 /* Resources */ = {
			isa = PBXResourcesBuildPhase;
			buildActionMask = 2147483647;
			files = (
				1CEC09231A7B2D3E00501637 /* InfoPlist.strings in Resources */,
				1CEC092B1A7B2D3E00501637 /* Images.xcassets in Resources */,
			);
			runOnlyForDeploymentPostprocessing = 0;
		};
		1CEC092E1A7B2D3E00501637 /* Resources */ = {
			isa = PBXResourcesBuildPhase;
			buildActionMask = 2147483647;
			files = (
				1CEC093C1A7B2D3E00501637 /* InfoPlist.strings in Resources */,
			);
			runOnlyForDeploymentPostprocessing = 0;
		};
/* End PBXResourcesBuildPhase section */

/* Begin PBXSourcesBuildPhase section */
		1CEC09111A7B2D3E00501637 /* Sources */ = {
			isa = PBXSourcesBuildPhase;
			buildActionMask = 2147483647;
			files = (
				1CEC09291A7B2D3E00501637 /* TONAppDelegate.m in Sources */,
				1CEC09491A7B2D7300501637 /* TONLine.m in Sources */,
				1CEC094C1A7B2DFB00501637 /* TONDrawView.m in Sources */,
				1CEC09251A7B2D3E00501637 /* main.m in Sources */,
				1CEC094F1A7B2E2900501637 /* TONDrawViewController.m in Sources */,
			);
			runOnlyForDeploymentPostprocessing = 0;
		};
		1CEC092C1A7B2D3E00501637 /* Sources */ = {
			isa = PBXSourcesBuildPhase;
			buildActionMask = 2147483647;
			files = (
				1CEC093E1A7B2D3E00501637 /* TouchTrackerTests.m in Sources */,
			);
			runOnlyForDeploymentPostprocessing = 0;
		};
/* End PBXSourcesBuildPhase section */

/* Begin PBXTargetDependency section */
		1CEC09361A7B2D3E00501637 /* PBXTargetDependency */ = {
			isa = PBXTargetDependency;
			target = 1CEC09141A7B2D3E00501637 /* TouchTracker */;
			targetProxy = 1CEC09351A7B2D3E00501637 /* PBXContainerItemProxy */;
		};
/* End PBXTargetDependency section */

/* Begin PBXVariantGroup section */
		1CEC09211A7B2D3E00501637 /* InfoPlist.strings */ = {
			isa = PBXVariantGroup;
			children = (
				1CEC09221A7B2D3E00501637 /* en */,
			);
			name = InfoPlist.strings;
			sourceTree = "<group>";
		};
		1CEC093A1A7B2D3E00501637 /* InfoPlist.strings */ = {
			isa = PBXVariantGroup;
			children = (
				1CEC093B1A7B2D3E00501637 /* en */,
			);
			name = InfoPlist.strings;
			sourceTree = "<group>";
		};
/* End PBXVariantGroup section */

/* Begin XCBuildConfiguration section */
		1CEC093F1A7B2D3E00501637 /* Debug */ = {
			isa = XCBuildConfiguration;
			buildSettings = {
				ALWAYS_SEARCH_USER_PATHS = NO;
				CLANG_CXX_LANGUAGE_STANDARD = "gnu++0x";
				CLANG_CXX_LIBRARY = "libc++";
				CLANG_ENABLE_MODULES = YES;
				CLANG_ENABLE_OBJC_ARC = YES;
				CLANG_WARN_BOOL_CONVERSION = YES;
				CLANG_WARN_CONSTANT_CONVERSION = YES;
				CLANG_WARN_DIRECT_OBJC_ISA_USAGE = YES_ERROR;
				CLANG_WARN_EMPTY_BODY = YES;
				CLANG_WARN_ENUM_CONVERSION = YES;
				CLANG_WARN_INT_CONVERSION = YES;
				CLANG_WARN_OBJC_ROOT_CLASS = YES_ERROR;
				CLANG_WARN__DUPLICATE_METHOD_MATCH = YES;
				"CODE_SIGN_IDENTITY[sdk=iphoneos*]" = "iPhone Developer";
				COPY_PHASE_STRIP = NO;
				GCC_C_LANGUAGE_STANDARD = gnu99;
				GCC_DYNAMIC_NO_PIC = NO;
				GCC_OPTIMIZATION_LEVEL = 0;
				GCC_PREPROCESSOR_DEFINITIONS = (
					"DEBUG=1",
					"$(inherited)",
				);
				GCC_SYMBOLS_PRIVATE_EXTERN = NO;
				GCC_WARN_64_TO_32_BIT_CONVERSION = YES;
				GCC_WARN_ABOUT_RETURN_TYPE = YES_ERROR;
				GCC_WARN_UNDECLARED_SELECTOR = YES;
				GCC_WARN_UNINITIALIZED_AUTOS = YES_AGGRESSIVE;
				GCC_WARN_UNUSED_FUNCTION = YES;
				GCC_WARN_UNUSED_VARIABLE = YES;
				IPHONEOS_DEPLOYMENT_TARGET = 7.1;
				ONLY_ACTIVE_ARCH = YES;
				SDKROOT = iphoneos;
			};
			name = Debug;
		};
		1CEC09401A7B2D3E00501637 /* Release */ = {
			isa = XCBuildConfiguration;
			buildSettings = {
				ALWAYS_SEARCH_USER_PATHS = NO;
				CLANG_CXX_LANGUAGE_STANDARD = "gnu++0x";
				CLANG_CXX_LIBRARY = "libc++";
				CLANG_ENABLE_MODULES = YES;
				CLANG_ENABLE_OBJC_ARC = YES;
				CLANG_WARN_BOOL_CONVERSION = YES;
				CLANG_WARN_CONSTANT_CONVERSION = YES;
				CLANG_WARN_DIRECT_OBJC_ISA_USAGE = YES_ERROR;
				CLANG_WARN_EMPTY_BODY = YES;
				CLANG_WARN_ENUM_CONVERSION = YES;
				CLANG_WARN_INT_CONVERSION = YES;
				CLANG_WARN_OBJC_ROOT_CLASS = YES_ERROR;
				CLANG_WARN__DUPLICATE_METHOD_MATCH = YES;
				"CODE_SIGN_IDENTITY[sdk=iphoneos*]" = "iPhone Developer";
				COPY_PHASE_STRIP = YES;
				ENABLE_NS_ASSERTIONS = NO;
				GCC_C_LANGUAGE_STANDARD = gnu99;
				GCC_WARN_64_TO_32_BIT_CONVERSION = YES;
				GCC_WARN_ABOUT_RETURN_TYPE = YES_ERROR;
				GCC_WARN_UNDECLARED_SELECTOR = YES;
				GCC_WARN_UNINITIALIZED_AUTOS = YES_AGGRESSIVE;
				GCC_WARN_UNUSED_FUNCTION = YES;
				GCC_WARN_UNUSED_VARIABLE = YES;
				IPHONEOS_DEPLOYMENT_TARGET = 7.1;
				SDKROOT = iphoneos;
				VALIDATE_PRODUCT = YES;
			};
			name = Release;
		};
		1CEC09421A7B2D3E00501637 /* Debug */ = {
			isa = XCBuildConfiguration;
			buildSettings = {
				ASSETCATALOG_COMPILER_APPICON_NAME = AppIcon;
				ASSETCATALOG_COMPILER_LAUNCHIMAGE_NAME = LaunchImage;
				GCC_PRECOMPILE_PREFIX_HEADER = YES;
				GCC_PREFIX_HEADER = "TouchTracker/TouchTracker-Prefix.pch";
				INFOPLIST_FILE = "TouchTracker/TouchTracker-Info.plist";
				PRODUCT_NAME = "$(TARGET_NAME)";
				WRAPPER_EXTENSION = app;
			};
			name = Debug;
		};
		1CEC09431A7B2D3E00501637 /* Release */ = {
			isa = XCBuildConfiguration;
			buildSettings = {
				ASSETCATALOG_COMPILER_APPICON_NAME = AppIcon;
				ASSETCATALOG_COMPILER_LAUNCHIMAGE_NAME = LaunchImage;
				GCC_PRECOMPILE_PREFIX_HEADER = YES;
				GCC_PREFIX_HEADER = "TouchTracker/TouchTracker-Prefix.pch";
				INFOPLIST_FILE = "TouchTracker/TouchTracker-Info.plist";
				PRODUCT_NAME = "$(TARGET_NAME)";
				WRAPPER_EXTENSION = app;
			};
			name = Release;
		};
		1CEC09451A7B2D3E00501637 /* Debug */ = {
			isa = XCBuildConfiguration;
			buildSettings = {
				BUNDLE_LOADER = "$(BUILT_PRODUCTS_DIR)/TouchTracker.app/TouchTracker";
				FRAMEWORK_SEARCH_PATHS = (
					"$(SDKROOT)/Developer/Library/Frameworks",
					"$(inherited)",
					"$(DEVELOPER_FRAMEWORKS_DIR)",
				);
				GCC_PRECOMPILE_PREFIX_HEADER = YES;
				GCC_PREFIX_HEADER = "TouchTracker/TouchTracker-Prefix.pch";
				GCC_PREPROCESSOR_DEFINITIONS = (
					"DEBUG=1",
					"$(inherited)",
				);
				INFOPLIST_FILE = "TouchTrackerTests/TouchTrackerTests-Info.plist";
				PRODUCT_NAME = "$(TARGET_NAME)";
				TEST_HOST = "$(BUNDLE_LOADER)";
				WRAPPER_EXTENSION = xctest;
			};
			name = Debug;
		};
		1CEC09461A7B2D3E00501637 /* Release */ = {
			isa = XCBuildConfiguration;
			buildSettings = {
				BUNDLE_LOADER = "$(BUILT_PRODUCTS_DIR)/TouchTracker.app/TouchTracker";
				FRAMEWORK_SEARCH_PATHS = (
					"$(SDKROOT)/Developer/Library/Frameworks",
					"$(inherited)",
					"$(DEVELOPER_FRAMEWORKS_DIR)",
				);
				GCC_PRECOMPILE_PREFIX_HEADER = YES;
				GCC_PREFIX_HEADER = "TouchTracker/TouchTracker-Prefix.pch";
				INFOPLIST_FILE = "TouchTrackerTests/TouchTrackerTests-Info.plist";
				PRODUCT_NAME = "$(TARGET_NAME)";
				TEST_HOST = "$(BUNDLE_LOADER)";
				WRAPPER_EXTENSION = xctest;
			};
			name = Release;
		};
/* End XCBuildConfiguration section */

/* Begin XCConfigurationList section */
		1CEC09101A7B2D3E00501637 /* Build configuration list for PBXProject "TouchTracker" */ = {
			isa = XCConfigurationList;
			buildConfigurations = (
				1CEC093F1A7B2D3E00501637 /* Debug */,
				1CEC09401A7B2D3E00501637 /* Release */,
			);
			defaultConfigurationIsVisible = 0;
			defaultConfigurationName = Release;
		};
		1CEC09411A7B2D3E00501637 /* Build configuration list for PBXNativeTarget "TouchTracker" */ = {
			isa = XCConfigurationList;
			buildConfigurations = (
				1CEC09421A7B2D3E00501637 /* Debug */,
				1CEC09431A7B2D3E00501637 /* Release */,
			);
			defaultConfigurationIsVisible = 0;
		};
		1CEC09441A7B2D3E00501637 /* Build configuration list for PBXNativeTarget "TouchTrackerTests" */ = {
			isa = XCConfigurationList;
			buildConfigurations = (
				1CEC09451A7B2D3E00501637 /* Debug */,
				1CEC09461A7B2D3E00501637 /* Release */,
			);
			defaultConfigurationIsVisible = 0;
		};
/* End XCConfigurationList section */
	};
	rootObject = 1CEC090D1A7B2D3E00501637 /* Project object */;
}
