// !$*UTF8*$!
{
	archiveVersion = 1;
	classes = {
	};
	objectVersion = 46;
	objects = {

/* Begin PBXBuildFile section */
		1C02C5981A64EA0600B7AA61 /* TONReminderViewController.m in Sources */ = {isa = PBXBuildFile; fileRef = 1C02C5971A64EA0500B7AA61 /* TONReminderViewController.m */; };
		1C02C59A1A64EB2900B7AA61 /* TONReminderViewController.xib in Resources */ = {isa = PBXBuildFile; fileRef = 1C02C5991A64EB2900B7AA61 /* TONReminderViewController.xib */; };
		1C0554811A66526E00D4E680 /* TONQuizViewController.m in Sources */ = {isa = PBXBuildFile; fileRef = 1C05547F1A66526E00D4E680 /* TONQuizViewController.m */; };
		1C0554821A66526E00D4E680 /* TONQuizViewController.xib in Resources */ = {isa = PBXBuildFile; fileRef = 1C0554801A66526E00D4E680 /* TONQuizViewController.xib */; };
		1C0554841A665ABA00D4E680 /* TONHypnosisViewController.xib in Resources */ = {isa = PBXBuildFile; fileRef = 1C0554831A665ABA00D4E680 /* TONHypnosisViewController.xib */; };
		1CE365CB1A63CF7100892047 /* Foundation.framework in Frameworks */ = {isa = PBXBuildFile; fileRef = 1CE365CA1A63CF7100892047 /* Foundation.framework */; };
		1CE365CD1A63CF7100892047 /* CoreGraphics.framework in Frameworks */ = {isa = PBXBuildFile; fileRef = 1CE365CC1A63CF7100892047 /* CoreGraphics.framework */; };
		1CE365CF1A63CF7100892047 /* UIKit.framework in Frameworks */ = {isa = PBXBuildFile; fileRef = 1CE365CE1A63CF7100892047 /* UIKit.framework */; };
		1CE365D51A63CF7100892047 /* InfoPlist.strings in Resources */ = {isa = PBXBuildFile; fileRef = 1CE365D31A63CF7100892047 /* InfoPlist.strings */; };
		1CE365D71A63CF7100892047 /* main.m in Sources */ = {isa = PBXBuildFile; fileRef = 1CE365D61A63CF7100892047 /* main.m */; };
		1CE365DB1A63CF7100892047 /* TONAppDelegate.m in Sources */ = {isa = PBXBuildFile; fileRef = 1CE365DA1A63CF7100892047 /* TONAppDelegate.m */; };
		1CE365DD1A63CF7100892047 /* Images.xcassets in Resources */ = {isa = PBXBuildFile; fileRef = 1CE365DC1A63CF7100892047 /* Images.xcassets */; };
		1CE365E41A63CF7100892047 /* XCTest.framework in Frameworks */ = {isa = PBXBuildFile; fileRef = 1CE365E31A63CF7100892047 /* XCTest.framework */; };
		1CE365E51A63CF7100892047 /* Foundation.framework in Frameworks */ = {isa = PBXBuildFile; fileRef = 1CE365CA1A63CF7100892047 /* Foundation.framework */; };
		1CE365E61A63CF7100892047 /* UIKit.framework in Frameworks */ = {isa = PBXBuildFile; fileRef = 1CE365CE1A63CF7100892047 /* UIKit.framework */; };
		1CE365EE1A63CF7100892047 /* InfoPlist.strings in Resources */ = {isa = PBXBuildFile; fileRef = 1CE365EC1A63CF7100892047 /* InfoPlist.strings */; };
		1CE365F01A63CF7100892047 /* HypnosisTests.m in Sources */ = {isa = PBXBuildFile; fileRef = 1CE365EF1A63CF7100892047 /* HypnosisTests.m */; };
		1CE365FB1A63CF9800892047 /* TONHypnosisView.m in Sources */ = {isa = PBXBuildFile; fileRef = 1CE365FA1A63CF9800892047 /* TONHypnosisView.m */; };
		1CE365FE1A63D02700892047 /* TONHypnosisViewController.m in Sources */ = {isa = PBXBuildFile; fileRef = 1CE365FD1A63D02700892047 /* TONHypnosisViewController.m */; };
/* End PBXBuildFile section */

/* Begin PBXContainerItemProxy section */
		1CE365E71A63CF7100892047 /* PBXContainerItemProxy */ = {
			isa = PBXContainerItemProxy;
			containerPortal = 1CE365BF1A63CF7100892047 /* Project object */;
			proxyType = 1;
			remoteGlobalIDString = 1CE365C61A63CF7100892047;
			remoteInfo = Hypnosis;
		};
/* End PBXContainerItemProxy section */

/* Begin PBXFileReference section */
		1C02C5961A64EA0500B7AA61 /* TONReminderViewController.h */ = {isa = PBXFileReference; fileEncoding = 4; lastKnownFileType = sourcecode.c.h; path = TONReminderViewController.h; sourceTree = "<group>"; };
		1C02C5971A64EA0500B7AA61 /* TONReminderViewController.m */ = {isa = PBXFileReference; fileEncoding = 4; lastKnownFileType = sourcecode.c.objc; path = TONReminderViewController.m; sourceTree = "<group>"; };
		1C02C5991A64EB2900B7AA61 /* TONReminderViewController.xib */ = {isa = PBXFileReference; fileEncoding = 4; lastKnownFileType = file.xib; path = TONReminderViewController.xib; sourceTree = "<group>"; };
		1C05547E1A66526E00D4E680 /* TONQuizViewController.h */ = {isa = PBXFileReference; fileEncoding = 4; lastKnownFileType = sourcecode.c.h; path = TONQuizViewController.h; sourceTree = "<group>"; };
		1C05547F1A66526E00D4E680 /* TONQuizViewController.m */ = {isa = PBXFileReference; fileEncoding = 4; lastKnownFileType = sourcecode.c.objc; path = TONQuizViewController.m; sourceTree = "<group>"; };
		1C0554801A66526E00D4E680 /* TONQuizViewController.xib */ = {isa = PBXFileReference; fileEncoding = 4; lastKnownFileType = file.xib; path = TONQuizViewController.xib; sourceTree = "<group>"; };
		1C0554831A665ABA00D4E680 /* TONHypnosisViewController.xib */ = {isa = PBXFileReference; fileEncoding = 4; lastKnownFileType = file.xib; path = TONHypnosisViewController.xib; sourceTree = "<group>"; };
		1CE365C71A63CF7100892047 /* Hypnosis.app */ = {isa = PBXFileReference; explicitFileType = wrapper.application; includeInIndex = 0; path = Hypnosis.app; sourceTree = BUILT_PRODUCTS_DIR; };
		1CE365CA1A63CF7100892047 /* Foundation.framework */ = {isa = PBXFileReference; lastKnownFileType = wrapper.framework; name = Foundation.framework; path = System/Library/Frameworks/Foundation.framework; sourceTree = SDKROOT; };
		1CE365CC1A63CF7100892047 /* CoreGraphics.framework */ = {isa = PBXFileReference; lastKnownFileType = wrapper.framework; name = CoreGraphics.framework; path = System/Library/Frameworks/CoreGraphics.framework; sourceTree = SDKROOT; };
		1CE365CE1A63CF7100892047 /* UIKit.framework */ = {isa = PBXFileReference; lastKnownFileType = wrapper.framework; name = UIKit.framework; path = System/Library/Frameworks/UIKit.framework; sourceTree = SDKROOT; };
		1CE365D21A63CF7100892047 /* Hypnosis-Info.plist */ = {isa = PBXFileReference; lastKnownFileType = text.plist.xml; path = "Hypnosis-Info.plist"; sourceTree = "<group>"; };
		1CE365D41A63CF7100892047 /* en */ = {isa = PBXFileReference; lastKnownFileType = text.plist.strings; name = en; path = en.lproj/InfoPlist.strings; sourceTree = "<group>"; };
		1CE365D61A63CF7100892047 /* main.m */ = {isa = PBXFileReference; lastKnownFileType = sourcecode.c.objc; path = main.m; sourceTree = "<group>"; };
		1CE365D81A63CF7100892047 /* Hypnosis-Prefix.pch */ = {isa = PBXFileReference; lastKnownFileType = sourcecode.c.h; path = "Hypnosis-Prefix.pch"; sourceTree = "<group>"; };
		1CE365D91A63CF7100892047 /* TONAppDelegate.h */ = {isa = PBXFileReference; lastKnownFileType = sourcecode.c.h; path = TONAppDelegate.h; sourceTree = "<group>"; };
		1CE365DA1A63CF7100892047 /* TONAppDelegate.m */ = {isa = PBXFileReference; lastKnownFileType = sourcecode.c.objc; path = TONAppDelegate.m; sourceTree = "<group>"; };
		1CE365DC1A63CF7100892047 /* Images.xcassets */ = {isa = PBXFileReference; lastKnownFileType = folder.assetcatalog; path = Images.xcassets; sourceTree = "<group>"; };
		1CE365E21A63CF7100892047 /* HypnosisTests.xctest */ = {isa = PBXFileReference; explicitFileType = wrapper.cfbundle; includeInIndex = 0; path = HypnosisTests.xctest; sourceTree = BUILT_PRODUCTS_DIR; };
		1CE365E31A63CF7100892047 /* XCTest.framework */ = {isa = PBXFileReference; lastKnownFileType = wrapper.framework; name = XCTest.framework; path = Library/Frameworks/XCTest.framework; sourceTree = DEVELOPER_DIR; };
		1CE365EB1A63CF7100892047 /* HypnosisTests-Info.plist */ = {isa = PBXFileReference; lastKnownFileType = text.plist.xml; path = "HypnosisTests-Info.plist"; sourceTree = "<group>"; };
		1CE365ED1A63CF7100892047 /* en */ = {isa = PBXFileReference; lastKnownFileType = text.plist.strings; name = en; path = en.lproj/InfoPlist.strings; sourceTree = "<group>"; };
		1CE365EF1A63CF7100892047 /* HypnosisTests.m */ = {isa = PBXFileReference; lastKnownFileType = sourcecode.c.objc; path = HypnosisTests.m; sourceTree = "<group>"; };
		1CE365F91A63CF9800892047 /* TONHypnosisView.h */ = {isa = PBXFileReference; fileEncoding = 4; lastKnownFileType = sourcecode.c.h; path = TONHypnosisView.h; sourceTree = "<group>"; };
		1CE365FA1A63CF9800892047 /* TONHypnosisView.m */ = {isa = PBXFileReference; fileEncoding = 4; lastKnownFileType = sourcecode.c.objc; path = TONHypnosisView.m; sourceTree = "<group>"; };
		1CE365FC1A63D02700892047 /* TONHypnosisViewController.h */ = {isa = PBXFileReference; fileEncoding = 4; lastKnownFileType = sourcecode.c.h; path = TONHypnosisViewController.h; sourceTree = "<group>"; };
		1CE365FD1A63D02700892047 /* TONHypnosisViewController.m */ = {isa = PBXFileReference; fileEncoding = 4; lastKnownFileType = sourcecode.c.objc; path = TONHypnosisViewController.m; sourceTree = "<group>"; };
/* End PBXFileReference section */

/* Begin PBXFrameworksBuildPhase section */
		1CE365C41A63CF7100892047 /* Frameworks */ = {
			isa = PBXFrameworksBuildPhase;
			buildActionMask = 2147483647;
			files = (
				1CE365CD1A63CF7100892047 /* CoreGraphics.framework in Frameworks */,
				1CE365CF1A63CF7100892047 /* UIKit.framework in Frameworks */,
				1CE365CB1A63CF7100892047 /* Foundation.framework in Frameworks */,
			);
			runOnlyForDeploymentPostprocessing = 0;
		};
		1CE365DF1A63CF7100892047 /* Frameworks */ = {
			isa = PBXFrameworksBuildPhase;
			buildActionMask = 2147483647;
			files = (
				1CE365E41A63CF7100892047 /* XCTest.framework in Frameworks */,
				1CE365E61A63CF7100892047 /* UIKit.framework in Frameworks */,
				1CE365E51A63CF7100892047 /* Foundation.framework in Frameworks */,
			);
			runOnlyForDeploymentPostprocessing = 0;
		};
/* End PBXFrameworksBuildPhase section */

/* Begin PBXGroup section */
		1CE365BE1A63CF7100892047 = {
			isa = PBXGroup;
			children = (
				1CE365D01A63CF7100892047 /* Hypnosis */,
				1CE365E91A63CF7100892047 /* HypnosisTests */,
				1CE365C91A63CF7100892047 /* Frameworks */,
				1CE365C81A63CF7100892047 /* Products */,
			);
			sourceTree = "<group>";
		};
		1CE365C81A63CF7100892047 /* Products */ = {
			isa = PBXGroup;
			children = (
				1CE365C71A63CF7100892047 /* Hypnosis.app */,
				1CE365E21A63CF7100892047 /* HypnosisTests.xctest */,
			);
			name = Products;
			sourceTree = "<group>";
		};
		1CE365C91A63CF7100892047 /* Frameworks */ = {
			isa = PBXGroup;
			children = (
				1CE365CA1A63CF7100892047 /* Foundation.framework */,
				1CE365CC1A63CF7100892047 /* CoreGraphics.framework */,
				1CE365CE1A63CF7100892047 /* UIKit.framework */,
				1CE365E31A63CF7100892047 /* XCTest.framework */,
			);
			name = Frameworks;
			sourceTree = "<group>";
		};
		1CE365D01A63CF7100892047 /* Hypnosis */ = {
			isa = PBXGroup;
			children = (
				1C05547E1A66526E00D4E680 /* TONQuizViewController.h */,
				1C05547F1A66526E00D4E680 /* TONQuizViewController.m */,
				1C0554801A66526E00D4E680 /* TONQuizViewController.xib */,
				1C02C5961A64EA0500B7AA61 /* TONReminderViewController.h */,
				1C02C5971A64EA0500B7AA61 /* TONReminderViewController.m */,
				1C02C5991A64EB2900B7AA61 /* TONReminderViewController.xib */,
				1CE365F91A63CF9800892047 /* TONHypnosisView.h */,
				1CE365FA1A63CF9800892047 /* TONHypnosisView.m */,
				1CE365FC1A63D02700892047 /* TONHypnosisViewController.h */,
				1CE365FD1A63D02700892047 /* TONHypnosisViewController.m */,
				1C0554831A665ABA00D4E680 /* TONHypnosisViewController.xib */,
				1CE365D91A63CF7100892047 /* TONAppDelegate.h */,
				1CE365DA1A63CF7100892047 /* TONAppDelegate.m */,
				1CE365DC1A63CF7100892047 /* Images.xcassets */,
				1CE365D11A63CF7100892047 /* Supporting Files */,
			);
			path = Hypnosis;
			sourceTree = "<group>";
		};
		1CE365D11A63CF7100892047 /* Supporting Files */ = {
			isa = PBXGroup;
			children = (
				1CE365D21A63CF7100892047 /* Hypnosis-Info.plist */,
				1CE365D31A63CF7100892047 /* InfoPlist.strings */,
				1CE365D61A63CF7100892047 /* main.m */,
				1CE365D81A63CF7100892047 /* Hypnosis-Prefix.pch */,
			);
			name = "Supporting Files";
			sourceTree = "<group>";
		};
		1CE365E91A63CF7100892047 /* HypnosisTests */ = {
			isa = PBXGroup;
			children = (
				1CE365EF1A63CF7100892047 /* HypnosisTests.m */,
				1CE365EA1A63CF7100892047 /* Supporting Files */,
			);
			path = HypnosisTests;
			sourceTree = "<group>";
		};
		1CE365EA1A63CF7100892047 /* Supporting Files */ = {
			isa = PBXGroup;
			children = (
				1CE365EB1A63CF7100892047 /* HypnosisTests-Info.plist */,
				1CE365EC1A63CF7100892047 /* InfoPlist.strings */,
			);
			name = "Supporting Files";
			sourceTree = "<group>";
		};
/* End PBXGroup section */

/* Begin PBXNativeTarget section */
		1CE365C61A63CF7100892047 /* Hypnosis */ = {
			isa = PBXNativeTarget;
			buildConfigurationList = 1CE365F31A63CF7100892047 /* Build configuration list for PBXNativeTarget "Hypnosis" */;
			buildPhases = (
				1CE365C31A63CF7100892047 /* Sources */,
				1CE365C41A63CF7100892047 /* Frameworks */,
				1CE365C51A63CF7100892047 /* Resources */,
			);
			buildRules = (
			);
			dependencies = (
			);
			name = Hypnosis;
			productName = Hypnosis;
			productReference = 1CE365C71A63CF7100892047 /* Hypnosis.app */;
			productType = "com.apple.product-type.application";
		};
		1CE365E11A63CF7100892047 /* HypnosisTests */ = {
			isa = PBXNativeTarget;
			buildConfigurationList = 1CE365F61A63CF7100892047 /* Build configuration list for PBXNativeTarget "HypnosisTests" */;
			buildPhases = (
				1CE365DE1A63CF7100892047 /* Sources */,
				1CE365DF1A63CF7100892047 /* Frameworks */,
				1CE365E01A63CF7100892047 /* Resources */,
			);
			buildRules = (
			);
			dependencies = (
				1CE365E81A63CF7100892047 /* PBXTargetDependency */,
			);
			name = HypnosisTests;
			productName = HypnosisTests;
			productReference = 1CE365E21A63CF7100892047 /* HypnosisTests.xctest */;
			productType = "com.apple.product-type.bundle.unit-test";
		};
/* End PBXNativeTarget section */

/* Begin PBXProject section */
		1CE365BF1A63CF7100892047 /* Project object */ = {
			isa = PBXProject;
			attributes = {
				CLASSPREFIX = TON;
				LastUpgradeCheck = 0510;
				ORGANIZATIONNAME = pddk;
				TargetAttributes = {
					1CE365E11A63CF7100892047 = {
						TestTargetID = 1CE365C61A63CF7100892047;
					};
				};
			};
			buildConfigurationList = 1CE365C21A63CF7100892047 /* Build configuration list for PBXProject "Hypnosis" */;
			compatibilityVersion = "Xcode 3.2";
			developmentRegion = English;
			hasScannedForEncodings = 0;
			knownRegions = (
				en,
			);
			mainGroup = 1CE365BE1A63CF7100892047;
			productRefGroup = 1CE365C81A63CF7100892047 /* Products */;
			projectDirPath = "";
			projectRoot = "";
			targets = (
				1CE365C61A63CF7100892047 /* Hypnosis */,
				1CE365E11A63CF7100892047 /* HypnosisTests */,
			);
		};
/* End PBXProject section */

/* Begin PBXResourcesBuildPhase section */
		1CE365C51A63CF7100892047 /* Resources */ = {
			isa = PBXResourcesBuildPhase;
			buildActionMask = 2147483647;
			files = (
				1C02C59A1A64EB2900B7AA61 /* TONReminderViewController.xib in Resources */,
				1CE365D51A63CF7100892047 /* InfoPlist.strings in Resources */,
				1CE365DD1A63CF7100892047 /* Images.xcassets in Resources */,
				1C0554841A665ABA00D4E680 /* TONHypnosisViewController.xib in Resources */,
				1C0554821A66526E00D4E680 /* TONQuizViewController.xib in Resources */,
			);
			runOnlyForDeploymentPostprocessing = 0;
		};
		1CE365E01A63CF7100892047 /* Resources */ = {
			isa = PBXResourcesBuildPhase;
			buildActionMask = 2147483647;
			files = (
				1CE365EE1A63CF7100892047 /* InfoPlist.strings in Resources */,
			);
			runOnlyForDeploymentPostprocessing = 0;
		};
/* End PBXResourcesBuildPhase section */

/* Begin PBXSourcesBuildPhase section */
		1CE365C31A63CF7100892047 /* Sources */ = {
			isa = PBXSourcesBuildPhase;
			buildActionMask = 2147483647;
			files = (
				1CE365DB1A63CF7100892047 /* TONAppDelegate.m in Sources */,
				1CE365FB1A63CF9800892047 /* TONHypnosisView.m in Sources */,
				1CE365D71A63CF7100892047 /* main.m in Sources */,
				1C0554811A66526E00D4E680 /* TONQuizViewController.m in Sources */,
				1CE365FE1A63D02700892047 /* TONHypnosisViewController.m in Sources */,
				1C02C5981A64EA0600B7AA61 /* TONReminderViewController.m in Sources */,
			);
			runOnlyForDeploymentPostprocessing = 0;
		};
		1CE365DE1A63CF7100892047 /* Sources */ = {
			isa = PBXSourcesBuildPhase;
			buildActionMask = 2147483647;
			files = (
				1CE365F01A63CF7100892047 /* HypnosisTests.m in Sources */,
			);
			runOnlyForDeploymentPostprocessing = 0;
		};
/* End PBXSourcesBuildPhase section */

/* Begin PBXTargetDependency section */
		1CE365E81A63CF7100892047 /* PBXTargetDependency */ = {
			isa = PBXTargetDependency;
			target = 1CE365C61A63CF7100892047 /* Hypnosis */;
			targetProxy = 1CE365E71A63CF7100892047 /* PBXContainerItemProxy */;
		};
/* End PBXTargetDependency section */

/* Begin PBXVariantGroup section */
		1CE365D31A63CF7100892047 /* InfoPlist.strings */ = {
			isa = PBXVariantGroup;
			children = (
				1CE365D41A63CF7100892047 /* en */,
			);
			name = InfoPlist.strings;
			sourceTree = "<group>";
		};
		1CE365EC1A63CF7100892047 /* InfoPlist.strings */ = {
			isa = PBXVariantGroup;
			children = (
				1CE365ED1A63CF7100892047 /* en */,
			);
			name = InfoPlist.strings;
			sourceTree = "<group>";
		};
/* End PBXVariantGroup section */

/* Begin XCBuildConfiguration section */
		1CE365F11A63CF7100892047 /* Debug */ = {
			isa = XCBuildConfiguration;
			buildSettings = {
				ALWAYS_SEARCH_USER_PATHS = NO;
				CLANG_CXX_LANGUAGE_STANDARD = "gnu++0x";
				CLANG_CXX_LIBRARY = "libc++";
				CLANG_ENABLE_MODULES = YES;
				CLANG_ENABLE_OBJC_ARC = YES;
				CLANG_WARN_BOOL_CONVERSION = YES;
				CLANG_WARN_CONSTANT_CONVERSION = YES;
				CLANG_WARN_DIRECT_OBJC_ISA_USAGE = YES_ERROR;
				CLANG_WARN_EMPTY_BODY = YES;
				CLANG_WARN_ENUM_CONVERSION = YES;
				CLANG_WARN_INT_CONVERSION = YES;
				CLANG_WARN_OBJC_ROOT_CLASS = YES_ERROR;
				CLANG_WARN__DUPLICATE_METHOD_MATCH = YES;
				"CODE_SIGN_IDENTITY[sdk=iphoneos*]" = "iPhone Developer";
				COPY_PHASE_STRIP = NO;
				GCC_C_LANGUAGE_STANDARD = gnu99;
				GCC_DYNAMIC_NO_PIC = NO;
				GCC_OPTIMIZATION_LEVEL = 0;
				GCC_PREPROCESSOR_DEFINITIONS = (
					"DEBUG=1",
					"$(inherited)",
				);
				GCC_SYMBOLS_PRIVATE_EXTERN = NO;
				GCC_WARN_64_TO_32_BIT_CONVERSION = YES;
				GCC_WARN_ABOUT_RETURN_TYPE = YES_ERROR;
				GCC_WARN_UNDECLARED_SELECTOR = YES;
				GCC_WARN_UNINITIALIZED_AUTOS = YES_AGGRESSIVE;
				GCC_WARN_UNUSED_FUNCTION = YES;
				GCC_WARN_UNUSED_VARIABLE = YES;
				IPHONEOS_DEPLOYMENT_TARGET = 7.1;
				ONLY_ACTIVE_ARCH = YES;
				SDKROOT = iphoneos;
			};
			name = Debug;
		};
		1CE365F21A63CF7100892047 /* Release */ = {
			isa = XCBuildConfiguration;
			buildSettings = {
				ALWAYS_SEARCH_USER_PATHS = NO;
				CLANG_CXX_LANGUAGE_STANDARD = "gnu++0x";
				CLANG_CXX_LIBRARY = "libc++";
				CLANG_ENABLE_MODULES = YES;
				CLANG_ENABLE_OBJC_ARC = YES;
				CLANG_WARN_BOOL_CONVERSION = YES;
				CLANG_WARN_CONSTANT_CONVERSION = YES;
				CLANG_WARN_DIRECT_OBJC_ISA_USAGE = YES_ERROR;
				CLANG_WARN_EMPTY_BODY = YES;
				CLANG_WARN_ENUM_CONVERSION = YES;
				CLANG_WARN_INT_CONVERSION = YES;
				CLANG_WARN_OBJC_ROOT_CLASS = YES_ERROR;
				CLANG_WARN__DUPLICATE_METHOD_MATCH = YES;
				"CODE_SIGN_IDENTITY[sdk=iphoneos*]" = "iPhone Developer";
				COPY_PHASE_STRIP = YES;
				ENABLE_NS_ASSERTIONS = NO;
				GCC_C_LANGUAGE_STANDARD = gnu99;
				GCC_WARN_64_TO_32_BIT_CONVERSION = YES;
				GCC_WARN_ABOUT_RETURN_TYPE = YES_ERROR;
				GCC_WARN_UNDECLARED_SELECTOR = YES;
				GCC_WARN_UNINITIALIZED_AUTOS = YES_AGGRESSIVE;
				GCC_WARN_UNUSED_FUNCTION = YES;
				GCC_WARN_UNUSED_VARIABLE = YES;
				IPHONEOS_DEPLOYMENT_TARGET = 7.1;
				SDKROOT = iphoneos;
				VALIDATE_PRODUCT = YES;
			};
			name = Release;
		};
		1CE365F41A63CF7100892047 /* Debug */ = {
			isa = XCBuildConfiguration;
			buildSettings = {
				ASSETCATALOG_COMPILER_APPICON_NAME = AppIcon;
				ASSETCATALOG_COMPILER_LAUNCHIMAGE_NAME = LaunchImage;
				GCC_PRECOMPILE_PREFIX_HEADER = YES;
				GCC_PREFIX_HEADER = "Hypnosis/Hypnosis-Prefix.pch";
				INFOPLIST_FILE = "Hypnosis/Hypnosis-Info.plist";
				PRODUCT_NAME = "$(TARGET_NAME)";
				WRAPPER_EXTENSION = app;
			};
			name = Debug;
		};
		1CE365F51A63CF7100892047 /* Release */ = {
			isa = XCBuildConfiguration;
			buildSettings = {
				ASSETCATALOG_COMPILER_APPICON_NAME = AppIcon;
				ASSETCATALOG_COMPILER_LAUNCHIMAGE_NAME = LaunchImage;
				GCC_PRECOMPILE_PREFIX_HEADER = YES;
				GCC_PREFIX_HEADER = "Hypnosis/Hypnosis-Prefix.pch";
				INFOPLIST_FILE = "Hypnosis/Hypnosis-Info.plist";
				PRODUCT_NAME = "$(TARGET_NAME)";
				WRAPPER_EXTENSION = app;
			};
			name = Release;
		};
		1CE365F71A63CF7100892047 /* Debug */ = {
			isa = XCBuildConfiguration;
			buildSettings = {
				BUNDLE_LOADER = "$(BUILT_PRODUCTS_DIR)/Hypnosis.app/Hypnosis";
				FRAMEWORK_SEARCH_PATHS = (
					"$(SDKROOT)/Developer/Library/Frameworks",
					"$(inherited)",
					"$(DEVELOPER_FRAMEWORKS_DIR)",
				);
				GCC_PRECOMPILE_PREFIX_HEADER = YES;
				GCC_PREFIX_HEADER = "Hypnosis/Hypnosis-Prefix.pch";
				GCC_PREPROCESSOR_DEFINITIONS = (
					"DEBUG=1",
					"$(inherited)",
				);
				INFOPLIST_FILE = "HypnosisTests/HypnosisTests-Info.plist";
				PRODUCT_NAME = "$(TARGET_NAME)";
				TEST_HOST = "$(BUNDLE_LOADER)";
				WRAPPER_EXTENSION = xctest;
			};
			name = Debug;
		};
		1CE365F81A63CF7100892047 /* Release */ = {
			isa = XCBuildConfiguration;
			buildSettings = {
				BUNDLE_LOADER = "$(BUILT_PRODUCTS_DIR)/Hypnosis.app/Hypnosis";
				FRAMEWORK_SEARCH_PATHS = (
					"$(SDKROOT)/Developer/Library/Frameworks",
					"$(inherited)",
					"$(DEVELOPER_FRAMEWORKS_DIR)",
				);
				GCC_PRECOMPILE_PREFIX_HEADER = YES;
				GCC_PREFIX_HEADER = "Hypnosis/Hypnosis-Prefix.pch";
				INFOPLIST_FILE = "HypnosisTests/HypnosisTests-Info.plist";
				PRODUCT_NAME = "$(TARGET_NAME)";
				TEST_HOST = "$(BUNDLE_LOADER)";
				WRAPPER_EXTENSION = xctest;
			};
			name = Release;
		};
/* End XCBuildConfiguration section */

/* Begin XCConfigurationList section */
		1CE365C21A63CF7100892047 /* Build configuration list for PBXProject "Hypnosis" */ = {
			isa = XCConfigurationList;
			buildConfigurations = (
				1CE365F11A63CF7100892047 /* Debug */,
				1CE365F21A63CF7100892047 /* Release */,
			);
			defaultConfigurationIsVisible = 0;
			defaultConfigurationName = Release;
		};
		1CE365F31A63CF7100892047 /* Build configuration list for PBXNativeTarget "Hypnosis" */ = {
			isa = XCConfigurationList;
			buildConfigurations = (
				1CE365F41A63CF7100892047 /* Debug */,
				1CE365F51A63CF7100892047 /* Release */,
			);
			defaultConfigurationIsVisible = 0;
			defaultConfigurationName = Release;
		};
		1CE365F61A63CF7100892047 /* Build configuration list for PBXNativeTarget "HypnosisTests" */ = {
			isa = XCConfigurationList;
			buildConfigurations = (
				1CE365F71A63CF7100892047 /* Debug */,
				1CE365F81A63CF7100892047 /* Release */,
			);
			defaultConfigurationIsVisible = 0;
			defaultConfigurationName = Release;
		};
/* End XCConfigurationList section */
	};
	rootObject = 1CE365BF1A63CF7100892047 /* Project object */;
}
